arches:
- arch: x86_64
  module_metadata: []
  packages:
  - checksum: sha256:6c880effa119e3eaf709ba6290a4f6e2b7294de64baf19ee84f672a89e732090
    evr: 2.1.49-5.el9
    name: mailcap
    repoid: ubi-9-baseos-rpms
    size: 35492
    sourcerpm: mailcap-2.1.49-5.el9.src.rpm
    url: https://cdn-ubi.redhat.com/content/public/ubi/dist/ubi9/9/x86_64/baseos/os/Packages/m/mailcap-2.1.49-5.el9.noarch.rpm
  source: []
lockfileVendor: redhat
lockfileVersion: 1
